// !$*UTF8*$!
{
	archiveVersion = 1;
	classes = {
	};
	objectVersion = 46;
	objects = {

/* Begin PBXBuildFile section */

		1EF0A83A000000001C000001 /* Icon.png in Resources */ = {isa = PBXBuildFile; fileRef = 1EF0A83900000001C0000001 /* Icon.png */; };
		1EF0A83A000000001C000002 /* Icon@2x.png in Resources */ = {isa = PBXBuildFile; fileRef = 1EF0A83900000001C0000002 /* Icon@2x.png */; };
		1EF0A83A000000001C000003 /* Icon-72.png in Resources */ = {isa = PBXBuildFile; fileRef = 1EF0A83900000001C0000003 /* Icon-72.png */; };
		1EF0A83A000000001C000004 /* Icon-72@2x.png in Resources */ = {isa = PBXBuildFile; fileRef = 1EF0A83900000001C0000004 /* Icon-72@2x.png */; };
		1EF0A83A000000001C000012 /* Icon-60.png in Resources */ = {isa = PBXBuildFile; fileRef = 1EF0A83900000001C0000012 /* Icon-60.png */; };
		1EF0A83A000000001C000013 /* Icon-60@2x.png in Resources */ = {isa = PBXBuildFile; fileRef = 1EF0A83900000001C0000013 /* Icon-60@2x.png */; };
		1EF0A83A000000001C000014 /* Icon-76.png in Resources */ = {isa = PBXBuildFile; fileRef = 1EF0A83900000001C0000014 /* Icon-76.png */; };
		1EF0A83A000000001C000015 /* Icon-76@2x.png in Resources */ = {isa = PBXBuildFile; fileRef = 1EF0A83900000001C0000015 /* Icon-76@2x.png */; };
		1EF0A83A000000001C000005 /* Default.png in Resources */ = {isa = PBXBuildFile; fileRef = 1EF0A83900000001C0000005 /* Default.png */; };
		1EF0A83A000000001C000006 /* Default@2x.png in Resources */ = {isa = PBXBuildFile; fileRef = 1EF0A83900000001C0000006 /* Default@2x.png */; };
		1EF0A83A000000001C000007 /* Default-Portrait.png in Resources */ = {isa = PBXBuildFile; fileRef = 1EF0A83900000001C0000007 /* Default-Portrait.png */; };
		1EF0A83A000000001C000008 /* Default-Portrait@2x.png in Resources */ = {isa = PBXBuildFile; fileRef = 1EF0A83900000001C0000008 /* Default-Portrait@2x.png */; };
		1EF0A83A000000001C000009 /* Default-Landscape.png in Resources */ = {isa = PBXBuildFile; fileRef = 1EF0A83900000001C0000009 /* Default-Landscape.png */; };
		1EF0A83A000000001C000010 /* Default-Landscape@2x.png in Resources */ = {isa = PBXBuildFile; fileRef = 1EF0A83900000001C0000010 /* Default-Landscape@2x.png */; };
		1EF0A83A000000001C000011 /* Default-568h@2x.png in Resources */ = {isa = PBXBuildFile; fileRef = 1EF0A83900000001C0000011 /* Default-568h@2x.png */; };

		1EF0A83A121ADB8E003F2F59 /* Main.mm in Sources */ = {isa = PBXBuildFile; fileRef = 1EF0A839121ADB8E003F2F59 /* Main.mm */; };
		667AC6E81A5C308B00639890 /* DUELLAppDelegate.m in Sources */ = {isa = PBXBuildFile; fileRef = 667AC6E71A5C308B00639890 /* DUELLAppDelegate.m */; };
		1EF0A83B121ADB8E003F2F59 /* haxe in Sources */ = {isa = PBXBuildFile; fileRef = 1E2E17A5141E8B5D0048F3C7 /* haxe */; };

		::foreach PLATFORM.ADDL_PBX_BUILD_FILE::
		::__current__::::end::

/* End PBXBuildFile section */

/* Begin PBXContainerItemProxy section */
		1EF0A882121AE1D2003F2F59 /* PBXContainerItemProxy */ = {
			isa = PBXContainerItemProxy;
			containerPortal = 29B97313FDCFA39411CA2CEA /* Project object */;
			proxyType = 1;
			remoteGlobalIDString = 1EF0A87F121AE1CE003F2F59;
			remoteInfo = "Build Haxe";
		};
/* End PBXContainerItemProxy section */

/* Begin PBXFileReference section */
		1D6058910D05DD3D006BFB54 /* "::APP.FILE::.app" */ = {isa = PBXFileReference; explicitFileType = wrapper.application; includeInIndex = 0; path = "::APP.FILE::.app"; sourceTree = BUILT_PRODUCTS_DIR; };

        1EF0A83900000001C0000001 = {isa = PBXFileReference; lastKnownFileType = image.png; path = "::APP.FILE::/Icon.png"; sourceTree = SOURCE_ROOT; };
        1EF0A83900000001C0000002 = {isa = PBXFileReference; lastKnownFileType = image.png; path = "::APP.FILE::/Icon@2x.png"; sourceTree = SOURCE_ROOT; };
        1EF0A83900000001C0000003 = {isa = PBXFileReference; lastKnownFileType = image.png; path = "::APP.FILE::/Icon-72.png"; sourceTree = SOURCE_ROOT; };
        1EF0A83900000001C0000004 = {isa = PBXFileReference; lastKnownFileType = image.png; path = "::APP.FILE::/Icon-72@2x.png"; sourceTree = SOURCE_ROOT; };
        1EF0A83900000001C0000012 = {isa = PBXFileReference; lastKnownFileType = image.png; path = "::APP.FILE::/Icon-60.png"; sourceTree = SOURCE_ROOT; };
        1EF0A83900000001C0000013 = {isa = PBXFileReference; lastKnownFileType = image.png; path = "::APP.FILE::/Icon-60@2x.png"; sourceTree = SOURCE_ROOT; };
        1EF0A83900000001C0000014 = {isa = PBXFileReference; lastKnownFileType = image.png; path = "::APP.FILE::/Icon-76.png"; sourceTree = SOURCE_ROOT; };
        1EF0A83900000001C0000015 = {isa = PBXFileReference; lastKnownFileType = image.png; path = "::APP.FILE::/Icon-76@2x.png"; sourceTree = SOURCE_ROOT; };
        1EF0A83900000001C0000005 = {isa = PBXFileReference; lastKnownFileType = image.png; path = "::APP.FILE::/Default.png"; sourceTree = SOURCE_ROOT; };
        1EF0A83900000001C0000006 = {isa = PBXFileReference; lastKnownFileType = image.png; path = "::APP.FILE::/Default@2x.png"; sourceTree = SOURCE_ROOT; };
        1EF0A83900000001C0000007 = {isa = PBXFileReference; lastKnownFileType = image.png; path = "::APP.FILE::/Default-Portrait.png"; sourceTree = SOURCE_ROOT; };
        1EF0A83900000001C0000008 = {isa = PBXFileReference; lastKnownFileType = image.png; path = "::APP.FILE::/Default-Portrait@2x.png"; sourceTree = SOURCE_ROOT; };
        1EF0A83900000001C0000009 = {isa = PBXFileReference; lastKnownFileType = image.png; path = "::APP.FILE::/Default-Landscape.png"; sourceTree = SOURCE_ROOT; };
        1EF0A83900000001C0000010 = {isa = PBXFileReference; lastKnownFileType = image.png; path = "::APP.FILE::/Default-Landscape@2x.png"; sourceTree = SOURCE_ROOT; };
        1EF0A83900000001C0000011 = {isa = PBXFileReference; lastKnownFileType = image.png; path = "::APP.FILE::/Default-568h@2x.png"; sourceTree = SOURCE_ROOT; };
		1EF0A839121ADB8E003F2F59 /* Main.mm */ = {isa = PBXFileReference; fileEncoding = 4; lastKnownFileType = sourcecode.cpp.objcpp; name = Main.mm; path = "::APP.FILE::/Classes/Main.mm"; sourceTree = SOURCE_ROOT; };
		667AC6E61A5C308B00639890 /* DUELLAppDelegate.h */ = {isa = PBXFileReference; fileEncoding = 4; lastKnownFileType = sourcecode.c.h; name = DUELLAppDelegate.h; path = "::APP.FILE::/Classes/DUELLAppDelegate.h"; sourceTree = SOURCE_ROOT; };
		667AC6E71A5C308B00639890 /* DUELLAppDelegate.m */ = {isa = PBXFileReference; fileEncoding = 4; lastKnownFileType = sourcecode.c.objc; name = DUELLAppDelegate.m; path = "::APP.FILE::/Classes/DUELLAppDelegate.m"; sourceTree = SOURCE_ROOT; };
		1E2E17A5141E8B5D0048F3C7 /* haxe */ = {isa = PBXFileReference; lastKnownFileType = folder; path = "::APP.FILE::/haxe/build"; sourceTree = SOURCE_ROOT; };

		::foreach PLATFORM.ADDL_PBX_FILE_REFERENCE::
		::__current__::::end::

		8D1107310486CEB800E47090 /* ::APP.FILE::-Info.plist */ = {isa = PBXFileReference; fileEncoding = 4; lastKnownFileType = text.plist.xml; path = "::APP.FILE::/::APP.FILE::-Info.plist"; plistStructureDefinitionIdentifier = "com.apple.xcode.plist.structure-definition.iphone.info-plist"; sourceTree = "<group>"; };
/* End PBXFileReference section */


/* Begin PBXFrameworksBuildPhase section */
		1D60588F0D05DD3D006BFB54 /* Frameworks */ = {
			isa = PBXFrameworksBuildPhase;
			buildActionMask = 2147483647;
			files = (
				::foreach PLATFORM.ADDL_PBX_FRAMEWORKS_BUILD_PHASE::
				::__current__::::end::
			);
			runOnlyForDeploymentPostprocessing = 0;
		};
/* End PBXFrameworksBuildPhase section */

/* Begin PBXGroup section */
		080E96DDFE201D6D7F000001 /* Classes */ = {
			isa = PBXGroup;
			children = (
				667AC6E61A5C308B00639890 /* DUELLAppDelegate.h */,
				667AC6E71A5C308B00639890 /* DUELLAppDelegate.m */,
				1EF0A839121ADB8E003F2F59 /* Main.mm */,
			);
			path = Classes;
			sourceTree = "<group>";
		};
		19C28FACFE9D520D11CA2CBB /* Products */ = {
			isa = PBXGroup;
			children = (
				1D6058910D05DD3D006BFB54 /* "::APP.FILE::.app" */,
			);
			name = Products;
			sourceTree = "<group>";
		};
		1EEEBA99121AF18B0048A9DF /* Frameworks */ = {
			isa = PBXGroup;
			children = (
				::foreach PLATFORM.ADDL_PBX_FRAMEWORK_GROUP::
				::__current__::::end::
			);
			name = Frameworks;
			sourceTree = "<group>";
		};

		29B97314FDCFA39411CA2CEA /* CustomTemplate */ = {
			isa = PBXGroup;
			children = (
				1EEEBA99121AF18B0048A9DF /* Frameworks */,
				080E96DDFE201D6D7F000001 /* Classes */,
				29B97315FDCFA39411CA2CEA /* Other Sources */,
				29B97317FDCFA39411CA2CEA /* Resources */,
				19C28FACFE9D520D11CA2CBB /* Products */,
			);
			name = CustomTemplate;
			sourceTree = "<group>";
		};
		29B97315FDCFA39411CA2CEA /* Other Sources */ = {
			isa = PBXGroup;
			children = (
				1E2E17A5141E8B5D0048F3C7 /* haxe */,
			);
			name = "Other Sources";
			sourceTree = "<group>";
		};
		29B97317FDCFA39411CA2CEA /* Resources */ = {
			isa = PBXGroup;
			children = (
                8D1107310486CEB800E47090 /* ::APP.FILE::-Info.plist */,
                1E2E17A5131E8B5D0048F3C7 /* assets */,
                1EF0A83900000001C0000001 /* Icon.png */,
                1EF0A83900000001C0000002 /* Icon@2x.png */,
                1EF0A83900000001C0000003 /* Icon-72.png */,
                1EF0A83900000001C0000004 /* Icon-72@2x.png */,
                1EF0A83900000001C0000012 /* Icon-60.png */,
                1EF0A83900000001C0000013 /* Icon-60@2x.png */,
                1EF0A83900000001C0000014 /* Icon-76.png */,
                1EF0A83900000001C0000015 /* Icon-76@2x.png */,
                1EF0A83900000001C0000005 /* Default.png */,
                1EF0A83900000001C0000006 /* Default@2x.png */,
                1EF0A83900000001C0000007 /* Default-Portrait.png */,
                1EF0A83900000001C0000008 /* Default-Portrait@2x.png */,
                1EF0A83900000001C0000009 /* Default-Landscape.png */,
                1EF0A83900000001C0000010 /* Default-Landscape@2x.png */,
                1EF0A83900000001C0000011 /* Default-568h@2x.png */,
				::foreach PLATFORM.ADDL_PBX_RESOURCE_GROUP::
				::__current__::::end::
			);
			name = Resources;
			sourceTree = "<group>";
		};

		::foreach PLATFORM.ADDL_PBX_GROUP::
		::__current__::::end::
/* End PBXGroup section */

/* Begin PBXNativeTarget section */
		1D6058900D05DD3D006BFB54 /* "::APP.FILE::" */ = {
			isa = PBXNativeTarget;
			buildConfigurationList = 1D6058960D05DD3E006BFB54 /* Build configuration list for PBXNativeTarget "::APP.FILE::" */;
			buildPhases = (
				1D60588D0D05DD3D006BFB54 /* Resources */,
				1D60588E0D05DD3D006BFB54 /* Sources */,
				1D60588F0D05DD3D006BFB54 /* Frameworks */,
				6627D892180D8AC900E2A13E /* Set Revision */,
			);
			buildRules = (
			);
			dependencies = (
				1EF0A883121AE1D2003F2F59 /* PBXTargetDependency */,
			);
			name = ::APP.FILE::; /* HMMM */
			productName = ::APP.FILE::;
			productReference = 1D6058910D05DD3D006BFB54 /* "::APP.FILE::.app" */;
			productType = "com.apple.product-type.application";
		};
/* End PBXNativeTarget section */

/* Begin PBXLegacyTarget section */
		1EF0A87F121AE1CE003F2F59 /* Build Haxe */ = {
			isa = PBXLegacyTarget;
			buildArgumentsString = "";
			buildConfigurationList = 1EF0A885121AE21C003F2F59 /* Build configuration list for PBXLegacyTarget "Build Haxe" */;
			buildPhases = (
			);
			buildToolPath = make;
			buildWorkingDirectory = "::APP.FILE::/haxe";
			dependencies = (
			);
			name = "Build Haxe";
			passBuildSettingsInEnvironment = 1;
			productName = "Build Haxe";
		};
/* End PBXLegacyTarget section */

/* Begin PBXProject section */
		29B97313FDCFA39411CA2CEA /* Project object */ = {
			isa = PBXProject;
			attributes = {
				TargetAttributes = {
					1D6058900D05DD3D006BFB54 = {
					    ::if (PLATFORM.DEVELOPMENT_TEAM != null)::
					    DevelopmentTeam = ::PLATFORM.DEVELOPMENT_TEAM::;
					    ::else::
					    ProvisioningStyle = Automatic;
					    ::end::
						SystemCapabilities = {
							::foreach PLATFORM.CAPABILITIES::
							com.apple.::NAME:: = {
								enabled = ::VALUE::;
							};::end::
						};
					};
				};
			};
			buildConfigurationList = C01FCF4E08A954540054247B /* Build configuration list for PBXProject "::APP.FILE::" */;
			compatibilityVersion = "Xcode 3.2";
			hasScannedForEncodings = 1;
			mainGroup = 29B97314FDCFA39411CA2CEA /* CustomTemplate */;
			projectDirPath = "";
			projectRoot = "";
			targets = (
				1D6058900D05DD3D006BFB54 /* "::APP.FILE::" */,
				1EF0A87F121AE1CE003F2F59 /* Build Haxe */,
			);
		};
/* End PBXProject section */

/* Begin PBXResourcesBuildPhase section */
		1D60588D0D05DD3D006BFB54 /* Resources */ = {
			isa = PBXResourcesBuildPhase;
			buildActionMask = 2147483647;
			files = (
                1E2E17AD131E8B5D0048F3C7 /* assets in Resources */,
                1EF0A83A000000001C000001 /* Icon.png */,
                1EF0A83A000000001C000002 /* Icon@2x.png */,
                1EF0A83A000000001C000003 /* Icon-72.png */,
                1EF0A83A000000001C000004 /* Icon-72@2x.png */,
                1EF0A83A000000001C000012 /* Icon-60.png */,
                1EF0A83A000000001C000013 /* Icon-60@2x.png */,
                1EF0A83A000000001C000014 /* Icon-76.png */,
                1EF0A83A000000001C000015 /* Icon-76@2x.png */,
                1EF0A83A000000001C000005 /* Default.png */,
                1EF0A83A000000001C000006 /* Default@2x.png */,
                1EF0A83A000000001C000007 /* Default-Portrait.png */,
                1EF0A83A000000001C000008 /* Default-Portrait@2x.png */,
                1EF0A83A000000001C000009 /* Default-Landscape.png */,
                1EF0A83A000000001C000010 /* Default-Landscape@2x.png */,
                1EF0A83A000000001C000011 /* Default-568h@2x.png */,
				::foreach PLATFORM.ADDL_PBX_RESOURCES_BUILD_PHASE::
				::__current__::::end::
			);
			runOnlyForDeploymentPostprocessing = 0;
		};
/* End PBXResourcesBuildPhase section */

/* Begin PBXSourcesBuildPhase section */
		1D60588E0D05DD3D006BFB54 /* Sources */ = {
			isa = PBXSourcesBuildPhase;
			buildActionMask = 2147483647;
			files = (
				1EF0A83A121ADB8E003F2F59 /* Main.mm in Sources */,
				667AC6E81A5C308B00639890 /* DUELLAppDelegate.m in Sources */,
			);
			runOnlyForDeploymentPostprocessing = 0;
		};
/* End PBXSourcesBuildPhase section */

/* Begin PBXTargetDependency section */
		1EF0A883121AE1D2003F2F59 /* PBXTargetDependency */ = {
			isa = PBXTargetDependency;
			target = 1EF0A87F121AE1CE003F2F59 /* Build Haxe */;
			targetProxy = 1EF0A882121AE1D2003F2F59 /* PBXContainerItemProxy */;
		};
/* End PBXTargetDependency section */

/* Begin XCBuildConfiguration section */
		C01FCF4F08A954540054247B /* Debug */ = {/* Build configuration list for PBXProject "::APP.FILE::" */
			isa = XCBuildConfiguration;
			buildSettings = {
				ALWAYS_SEARCH_USER_PATHS = NO;
				ARCHS ="::foreach PLATFORM.ARCHS:: ::__current__::::end::";
				"CODE_SIGN_IDENTITY[sdk=iphoneos*]" = "::PLATFORM.KEY_STORE_IDENTITY::";
				ENABLE_BITCODE = NO;
				COMPRESS_PNG_FILES = NO;
				COPY_PHASE_STRIP = NO;
				GCC_C_LANGUAGE_STANDARD = gnu99;
				GCC_DYNAMIC_NO_PIC = NO;
				GCC_OPTIMIZATION_LEVEL = 0;
				GCC_PREPROCESSOR_DEFINITIONS = (
					"DEBUG=1",
					"$(inherited)",
				);
				GCC_SYMBOLS_PRIVATE_EXTERN = NO;
				GCC_WARN_ABOUT_RETURN_TYPE = YES;
				GCC_WARN_UNINITIALIZED_AUTOS = YES;
				GCC_WARN_UNUSED_VARIABLE = YES;
				IPHONEOS_DEPLOYMENT_TARGET = ::PLATFORM.DEPLOYMENT_TARGET::;
				SDKROOT = iphoneos;
				TARGETED_DEVICE_FAMILY = "::PLATFORM.TARGET_DEVICES::";
				VALID_ARCHS ="::foreach PLATFORM.ARCHS:: ::__current__::::end::";

				::foreach PLATFORM.XCODE_PROJECT_FLAGS::
				::NAME:: = "::VALUE::";
				::end::
			};
			name = Debug;
		};
		C01FCF5008A954540054247B /* Release */ = {/* Build configuration list for PBXProject "::APP.FILE::" */
			isa = XCBuildConfiguration;
			buildSettings = {
				ALWAYS_SEARCH_USER_PATHS = NO;
				ARCHS ="::foreach PLATFORM.ARCHS:: ::__current__::::end::";
				"CODE_SIGN_IDENTITY[sdk=iphoneos*]" = "::PLATFORM.KEY_STORE_IDENTITY::";
				ENABLE_BITCODE = NO;
				COMPRESS_PNG_FILES = NO;
				COPY_PHASE_STRIP = YES;
				GCC_C_LANGUAGE_STANDARD = gnu99;
				/* GCC_ENABLE_SYMBOL_SEPARATION = YES; */
				GCC_WARN_ABOUT_RETURN_TYPE = YES;
				GCC_WARN_UNINITIALIZED_AUTOS = YES;
				GCC_WARN_UNUSED_VARIABLE = YES;
				IPHONEOS_DEPLOYMENT_TARGET = ::PLATFORM.DEPLOYMENT_TARGET::;
				OTHER_CFLAGS = "-DNS_BLOCK_ASSERTIONS=1";
				/* PRECOMPS_INCLUDE_HEADERS_FROM_BUILT_PRODUCTS_DIR = YES; */
				SDKROOT = iphoneos;
				TARGETED_DEVICE_FAMILY = "::PLATFORM.TARGET_DEVICES::";
				VALID_ARCHS ="::foreach PLATFORM.ARCHS:: ::__current__::::end::";
				VALIDATE_PRODUCT = YES;

				::foreach PLATFORM.XCODE_PROJECT_FLAGS::
				::NAME:: = "::VALUE::";
				::end::
			};
			name = Release;
		};
		1D6058940D05DD3E006BFB54 /* Debug */ = {/* Build configuration list for PBXNativeTarget "::APP.FILE::" */
			isa = XCBuildConfiguration;
			buildSettings = {
				DEBUG_INFORMATION_FORMAT = "::PLATFORM.DEBUG_INFORMATION_FORMAT::";
				GCC_PRECOMPILE_PREFIX_HEADER = YES;
				GCC_PREFIX_HEADER = "::APP.FILE::/::APP.FILE::-Prefix.pch";
				INFOPLIST_FILE = "::APP.FILE::/::APP.FILE::-Info.plist";
				PRODUCT_NAME = "$(TARGET_NAME)";
				WRAPPER_EXTENSION = app;
				CODE_SIGN_IDENTITY = "::PLATFORM.KEY_STORE_IDENTITY::";
				ENABLE_BITCODE = NO;

	            "LIBRARY_SEARCH_PATHS[arch=armv7]" = (
					"$(inherited)",
					"\"$(SRCROOT)/::APP.FILE::/lib/armv7-debug\"",
				);
				"LIBRARY_SEARCH_PATHS[arch=armv7s]" = (
					"$(inherited)",
					"\"$(SRCROOT)/::APP.FILE::/lib/armv7s-debug\"",
				);
				"LIBRARY_SEARCH_PATHS[arch=arm64]" = (
					"$(inherited)",
					"\"$(SRCROOT)/::APP.FILE::/lib/arm64-debug\"",
				);
				"LIBRARY_SEARCH_PATHS[sdk=iphonesimulator*]" = (
					"$(inherited)",
					"\"$(SRCROOT)/::APP.FILE::/lib/i386-debug\"",
				);
                FRAMEWORK_SEARCH_PATHS = (
					"$(inherited)",
                    ::foreach PLATFORM.FRAMEWORK_SEARCH_PATHS:: "::__current__::",
					::end::
                );
		        OTHER_LDFLAGS = (
					-lHaxeApplication,
					::foreach NDLLS:: "-l::NAME::",
					::end::
					::foreach PLATFORM.XCODE_LINK_ARGS:: "::__current__::",
					::end::
				);
			};
			name = Debug;
		};
		1D6058950D05DD3E006BFB54 /* Release */ = {/* Build configuration list for PBXNativeTarget "::APP.FILE::" */
			isa = XCBuildConfiguration;
			buildSettings = {
				DEBUG_INFORMATION_FORMAT = "::PLATFORM.DEBUG_INFORMATION_FORMAT::";
				GCC_PRECOMPILE_PREFIX_HEADER = YES;
				GCC_PREFIX_HEADER = "::APP.FILE::/::APP.FILE::-Prefix.pch";
				INFOPLIST_FILE = "::APP.FILE::/::APP.FILE::-Info.plist";
				PRODUCT_NAME = "$(TARGET_NAME)";
				WRAPPER_EXTENSION = app;
				CODE_SIGN_IDENTITY = "::PLATFORM.KEY_STORE_IDENTITY::";
				ENABLE_BITCODE = NO;

	            "LIBRARY_SEARCH_PATHS[arch=armv7]" = (
					"$(inherited)",
					"\"$(SRCROOT)/::APP.FILE::/lib/armv7\"",
				);
				"LIBRARY_SEARCH_PATHS[arch=armv7s]" = (
					"$(inherited)",
					"\"$(SRCROOT)/::APP.FILE::/lib/armv7s\"",
				);
				"LIBRARY_SEARCH_PATHS[arch=arm64]" = (
					"$(inherited)",
					"\"$(SRCROOT)/::APP.FILE::/lib/arm64\"",
				);
				"LIBRARY_SEARCH_PATHS[sdk=iphonesimulator*]" = (
					"$(inherited)",
					"\"$(SRCROOT)/::APP.FILE::/lib/i386\"",
				);
                FRAMEWORK_SEARCH_PATHS = (
					"$(inherited)",
                    ::foreach PLATFORM.FRAMEWORK_SEARCH_PATHS:: "::__current__::",
					::end::
                );
		        OTHER_LDFLAGS = (
					-lHaxeApplication,
					::foreach NDLLS:: "-l::NAME::",
					::end::
					::foreach PLATFORM.XCODE_LINK_ARGS:: "::__current__::",
					::end::
				);
			};
			name = Release;
		};
		1EF0A880121AE1CE003F2F59 /* Debug */ = {/* Build configuration list for PBXLegacyTarget "Build Haxe" */
			isa = XCBuildConfiguration;
			buildSettings = {
				COPY_PHASE_STRIP = NO;
				GCC_C_LANGUAGE_STANDARD = gnu99;
				GCC_DYNAMIC_NO_PIC = NO;
				GCC_OPTIMIZATION_LEVEL = 0;
				GCC_PREPROCESSOR_DEFINITIONS = (
					"DEBUG=1",
					"$(inherited)",
				);
				GCC_SYMBOLS_PRIVATE_EXTERN = NO;
				GCC_WARN_ABOUT_RETURN_TYPE = YES;
				GCC_WARN_UNINITIALIZED_AUTOS = YES;
				GCC_WARN_UNUSED_VARIABLE = YES;
			};
			name = Debug;
		};
		1EF0A881121AE1CE003F2F59 /* Release */ = {/* Build configuration list for PBXLegacyTarget "Build Haxe" */
			isa = XCBuildConfiguration;
			buildSettings = {
				COPY_PHASE_STRIP = YES;
				GCC_C_LANGUAGE_STANDARD = gnu99;
				GCC_WARN_ABOUT_RETURN_TYPE = YES;
				GCC_WARN_UNINITIALIZED_AUTOS = YES;
				GCC_WARN_UNUSED_VARIABLE = YES;
                ZERO_LINK = NO;
			};
			name = Release;
		};
/* End XCBuildConfiguration section */

/* Begin XCConfigurationList section */
		C01FCF4E08A954540054247B /* Build configuration list for PBXProject "::APP.FILE::" */ = {
			isa = XCConfigurationList;
			buildConfigurations = (
				C01FCF4F08A954540054247B /* Debug */,
				C01FCF5008A954540054247B /* Release */,
			);
			defaultConfigurationIsVisible = 0;
			defaultConfigurationName = Release;
		};
		1D6058960D05DD3E006BFB54 /* Build configuration list for PBXNativeTarget "::APP.FILE::" */ = {
			isa = XCConfigurationList;
			buildConfigurations = (
				1D6058940D05DD3E006BFB54 /* Debug */,
				1D6058950D05DD3E006BFB54 /* Release */,
			);
			defaultConfigurationIsVisible = 0;
		};
		1EF0A885121AE21C003F2F59 /* Build configuration list for PBXLegacyTarget "Build Haxe" */ = {
			isa = XCConfigurationList;
			buildConfigurations = (
				1EF0A880121AE1CE003F2F59 /* Debug */,
				1EF0A881121AE1CE003F2F59 /* Release */,
			);
			defaultConfigurationIsVisible = 0;
		};
/* End XCConfigurationList section */
	}; /* end objects */
	rootObject = 29B97313FDCFA39411CA2CEA /* Project object */;
}
